// !$*UTF8*$!
{
	archiveVersion = 1;
	classes = {
	};
	objectVersion = 50;
	objects = {

/* Begin PBXBuildFile section */
		041601C62248061500685EDD /* Main.storyboard in Resources */ = {isa = PBXBuildFile; fileRef = 04E67D692246B608007445DC /* Main.storyboard */; };
		041601EA2248082F00685EDD /* ListTableViewController.swift in Sources */ = {isa = PBXBuildFile; fileRef = 041601E92248082F00685EDD /* ListTableViewController.swift */; };
		041601EC22480AF700685EDD /* UIViewController+Extension.swift in Sources */ = {isa = PBXBuildFile; fileRef = 041601EB22480AF700685EDD /* UIViewController+Extension.swift */; };
		0437CEC8224B230500F6E3AC /* UdacityClient.swift in Sources */ = {isa = PBXBuildFile; fileRef = 0437CEC7224B230500F6E3AC /* UdacityClient.swift */; };
		0437CECE224B283F00F6E3AC /* LoginResponse.swift in Sources */ = {isa = PBXBuildFile; fileRef = 0437CECD224B283F00F6E3AC /* LoginResponse.swift */; };
		0437CED1224FDE2D00F6E3AC /* Session.swift in Sources */ = {isa = PBXBuildFile; fileRef = 0437CED0224FDE2D00F6E3AC /* Session.swift */; };
		04E67D642246B608007445DC /* AppDelegate.swift in Sources */ = {isa = PBXBuildFile; fileRef = 04E67D632246B608007445DC /* AppDelegate.swift */; };
		04E67D662246B608007445DC /* MapViewController.swift in Sources */ = {isa = PBXBuildFile; fileRef = 04E67D652246B608007445DC /* MapViewController.swift */; };
		04E67D6D2246B60B007445DC /* Assets.xcassets in Resources */ = {isa = PBXBuildFile; fileRef = 04E67D6C2246B60B007445DC /* Assets.xcassets */; };
		04E67D702246B60B007445DC /* LaunchScreen.storyboard in Resources */ = {isa = PBXBuildFile; fileRef = 04E67D6E2246B60B007445DC /* LaunchScreen.storyboard */; };
		04E67D782246B706007445DC /* LoginViewController.swift in Sources */ = {isa = PBXBuildFile; fileRef = 04E67D772246B706007445DC /* LoginViewController.swift */; };
/* End PBXBuildFile section */

/* Begin PBXFileReference section */
		041601E92248082F00685EDD /* ListTableViewController.swift */ = {isa = PBXFileReference; lastKnownFileType = sourcecode.swift; path = ListTableViewController.swift; sourceTree = "<group>"; };
		041601EB22480AF700685EDD /* UIViewController+Extension.swift */ = {isa = PBXFileReference; lastKnownFileType = sourcecode.swift; path = "UIViewController+Extension.swift"; sourceTree = "<group>"; };
		0437CEC7224B230500F6E3AC /* UdacityClient.swift */ = {isa = PBXFileReference; lastKnownFileType = sourcecode.swift; path = UdacityClient.swift; sourceTree = "<group>"; };
		0437CECD224B283F00F6E3AC /* LoginResponse.swift */ = {isa = PBXFileReference; lastKnownFileType = sourcecode.swift; path = LoginResponse.swift; sourceTree = "<group>"; };
		0437CED0224FDE2D00F6E3AC /* Session.swift */ = {isa = PBXFileReference; lastKnownFileType = sourcecode.swift; path = Session.swift; sourceTree = "<group>"; };
		04E67D602246B608007445DC /* OnTheMap.app */ = {isa = PBXFileReference; explicitFileType = wrapper.application; includeInIndex = 0; path = OnTheMap.app; sourceTree = BUILT_PRODUCTS_DIR; };
		04E67D632246B608007445DC /* AppDelegate.swift */ = {isa = PBXFileReference; lastKnownFileType = sourcecode.swift; path = AppDelegate.swift; sourceTree = "<group>"; };
		04E67D652246B608007445DC /* MapViewController.swift */ = {isa = PBXFileReference; lastKnownFileType = sourcecode.swift; path = MapViewController.swift; sourceTree = "<group>"; };
		04E67D6A2246B608007445DC /* Base */ = {isa = PBXFileReference; lastKnownFileType = file.storyboard; name = Base; path = Base.lproj/Main.storyboard; sourceTree = "<group>"; };
		04E67D6C2246B60B007445DC /* Assets.xcassets */ = {isa = PBXFileReference; lastKnownFileType = folder.assetcatalog; path = Assets.xcassets; sourceTree = "<group>"; };
		04E67D6F2246B60B007445DC /* Base */ = {isa = PBXFileReference; lastKnownFileType = file.storyboard; name = Base; path = Base.lproj/LaunchScreen.storyboard; sourceTree = "<group>"; };
		04E67D712246B60B007445DC /* Info.plist */ = {isa = PBXFileReference; lastKnownFileType = text.plist.xml; path = Info.plist; sourceTree = "<group>"; };
		04E67D772246B706007445DC /* LoginViewController.swift */ = {isa = PBXFileReference; lastKnownFileType = sourcecode.swift; path = LoginViewController.swift; sourceTree = "<group>"; };
/* End PBXFileReference section */

/* Begin PBXFrameworksBuildPhase section */
		04E67D5D2246B608007445DC /* Frameworks */ = {
			isa = PBXFrameworksBuildPhase;
			buildActionMask = 2147483647;
			files = (
			);
			runOnlyForDeploymentPostprocessing = 0;
		};
/* End PBXFrameworksBuildPhase section */

/* Begin PBXGroup section */
		0437CECB224B274400F6E3AC /* Model */ = {
			isa = PBXGroup;
			children = (
				0437CECD224B283F00F6E3AC /* LoginResponse.swift */,
				0437CED0224FDE2D00F6E3AC /* Session.swift */,
			);
			path = Model;
			sourceTree = "<group>";
		};
		0437CECC224B278800F6E3AC /* Controller */ = {
			isa = PBXGroup;
			children = (
				04E67D772246B706007445DC /* LoginViewController.swift */,
				04E67D652246B608007445DC /* MapViewController.swift */,
				041601E92248082F00685EDD /* ListTableViewController.swift */,
				041601EB22480AF700685EDD /* UIViewController+Extension.swift */,
			);
			path = Controller;
			sourceTree = "<group>";
		};
		0437CECF224B34D700F6E3AC /* Networking */ = {
			isa = PBXGroup;
			children = (
				0437CEC7224B230500F6E3AC /* UdacityClient.swift */,
			);
			path = Networking;
			sourceTree = "<group>";
		};
		04E67D572246B608007445DC = {
			isa = PBXGroup;
			children = (
				04E67D622246B608007445DC /* OnTheMap */,
				04E67D612246B608007445DC /* Products */,
			);
			sourceTree = "<group>";
		};
		04E67D612246B608007445DC /* Products */ = {
			isa = PBXGroup;
			children = (
				04E67D602246B608007445DC /* OnTheMap.app */,
			);
			name = Products;
			sourceTree = "<group>";
		};
		04E67D622246B608007445DC /* OnTheMap */ = {
			isa = PBXGroup;
			children = (
				04E67D632246B608007445DC /* AppDelegate.swift */,
				0437CECB224B274400F6E3AC /* Model */,
				0437CECF224B34D700F6E3AC /* Networking */,
				0437CECC224B278800F6E3AC /* Controller */,
				04E67D692246B608007445DC /* Main.storyboard */,
				04E67D6C2246B60B007445DC /* Assets.xcassets */,
				04E67D6E2246B60B007445DC /* LaunchScreen.storyboard */,
				04E67D712246B60B007445DC /* Info.plist */,
			);
			path = OnTheMap;
			sourceTree = "<group>";
		};
/* End PBXGroup section */

/* Begin PBXNativeTarget section */
		04E67D5F2246B608007445DC /* OnTheMap */ = {
			isa = PBXNativeTarget;
			buildConfigurationList = 04E67D742246B60B007445DC /* Build configuration list for PBXNativeTarget "OnTheMap" */;
			buildPhases = (
				04E67D5C2246B608007445DC /* Sources */,
				04E67D5D2246B608007445DC /* Frameworks */,
				04E67D5E2246B608007445DC /* Resources */,
			);
			buildRules = (
			);
			dependencies = (
			);
			name = OnTheMap;
			productName = OnTheMap;
			productReference = 04E67D602246B608007445DC /* OnTheMap.app */;
			productType = "com.apple.product-type.application";
		};
/* End PBXNativeTarget section */

/* Begin PBXProject section */
		04E67D582246B608007445DC /* Project object */ = {
			isa = PBXProject;
			attributes = {
				LastSwiftUpdateCheck = 1010;
				LastUpgradeCheck = 1010;
				ORGANIZATIONNAME = "Sabrina Svedin";
				TargetAttributes = {
					04E67D5F2246B608007445DC = {
						CreatedOnToolsVersion = 10.1;
					};
				};
			};
			buildConfigurationList = 04E67D5B2246B608007445DC /* Build configuration list for PBXProject "OnTheMap" */;
			compatibilityVersion = "Xcode 9.3";
			developmentRegion = en;
			hasScannedForEncodings = 0;
			knownRegions = (
				en,
				Base,
			);
			mainGroup = 04E67D572246B608007445DC;
			productRefGroup = 04E67D612246B608007445DC /* Products */;
			projectDirPath = "";
			projectRoot = "";
			targets = (
				04E67D5F2246B608007445DC /* OnTheMap */,
			);
		};
/* End PBXProject section */

/* Begin PBXResourcesBuildPhase section */
		04E67D5E2246B608007445DC /* Resources */ = {
			isa = PBXResourcesBuildPhase;
			buildActionMask = 2147483647;
			files = (
				041601C62248061500685EDD /* Main.storyboard in Resources */,
				04E67D702246B60B007445DC /* LaunchScreen.storyboard in Resources */,
				04E67D6D2246B60B007445DC /* Assets.xcassets in Resources */,
			);
			runOnlyForDeploymentPostprocessing = 0;
		};
/* End PBXResourcesBuildPhase section */

/* Begin PBXSourcesBuildPhase section */
		04E67D5C2246B608007445DC /* Sources */ = {
			isa = PBXSourcesBuildPhase;
			buildActionMask = 2147483647;
			files = (
				04E67D782246B706007445DC /* LoginViewController.swift in Sources */,
				04E67D642246B608007445DC /* AppDelegate.swift in Sources */,
				0437CEC8224B230500F6E3AC /* UdacityClient.swift in Sources */,
				04E67D662246B608007445DC /* MapViewController.swift in Sources */,
				041601EC22480AF700685EDD /* UIViewController+Extension.swift in Sources */,
				0437CECE224B283F00F6E3AC /* LoginResponse.swift in Sources */,
				041601EA2248082F00685EDD /* ListTableViewController.swift in Sources */,
				0437CED1224FDE2D00F6E3AC /* Session.swift in Sources */,
			);
			runOnlyForDeploymentPostprocessing = 0;
		};
/* End PBXSourcesBuildPhase section */

/* Begin PBXVariantGroup section */
		04E67D692246B608007445DC /* Main.storyboard */ = {
			isa = PBXVariantGroup;
			children = (
				04E67D6A2246B608007445DC /* Base */,
			);
			name = Main.storyboard;
			sourceTree = "<group>";
		};
		04E67D6E2246B60B007445DC /* LaunchScreen.storyboard */ = {
			isa = PBXVariantGroup;
			children = (
				04E67D6F2246B60B007445DC /* Base */,
			);
			name = LaunchScreen.storyboard;
			sourceTree = "<group>";
		};
/* End PBXVariantGroup section */

/* Begin XCBuildConfiguration section */
		04E67D722246B60B007445DC /* Debug */ = {
			isa = XCBuildConfiguration;
			buildSettings = {
				ALWAYS_SEARCH_USER_PATHS = NO;
				CLANG_ANALYZER_NONNULL = YES;
				CLANG_ANALYZER_NUMBER_OBJECT_CONVERSION = YES_AGGRESSIVE;
				CLANG_CXX_LANGUAGE_STANDARD = "gnu++14";
				CLANG_CXX_LIBRARY = "libc++";
				CLANG_ENABLE_MODULES = YES;
				CLANG_ENABLE_OBJC_ARC = YES;
				CLANG_ENABLE_OBJC_WEAK = YES;
				CLANG_WARN_BLOCK_CAPTURE_AUTORELEASING = YES;
				CLANG_WARN_BOOL_CONVERSION = YES;
				CLANG_WARN_COMMA = YES;
				CLANG_WARN_CONSTANT_CONVERSION = YES;
				CLANG_WARN_DEPRECATED_OBJC_IMPLEMENTATIONS = YES;
				CLANG_WARN_DIRECT_OBJC_ISA_USAGE = YES_ERROR;
				CLANG_WARN_DOCUMENTATION_COMMENTS = YES;
				CLANG_WARN_EMPTY_BODY = YES;
				CLANG_WARN_ENUM_CONVERSION = YES;
				CLANG_WARN_INFINITE_RECURSION = YES;
				CLANG_WARN_INT_CONVERSION = YES;
				CLANG_WARN_NON_LITERAL_NULL_CONVERSION = YES;
				CLANG_WARN_OBJC_IMPLICIT_RETAIN_SELF = YES;
				CLANG_WARN_OBJC_LITERAL_CONVERSION = YES;
				CLANG_WARN_OBJC_ROOT_CLASS = YES_ERROR;
				CLANG_WARN_RANGE_LOOP_ANALYSIS = YES;
				CLANG_WARN_STRICT_PROTOTYPES = YES;
				CLANG_WARN_SUSPICIOUS_MOVE = YES;
				CLANG_WARN_UNGUARDED_AVAILABILITY = YES_AGGRESSIVE;
				CLANG_WARN_UNREACHABLE_CODE = YES;
				CLANG_WARN__DUPLICATE_METHOD_MATCH = YES;
				CODE_SIGN_IDENTITY = "iPhone Developer";
				COPY_PHASE_STRIP = NO;
				DEBUG_INFORMATION_FORMAT = dwarf;
				ENABLE_STRICT_OBJC_MSGSEND = YES;
				ENABLE_TESTABILITY = YES;
				GCC_C_LANGUAGE_STANDARD = gnu11;
				GCC_DYNAMIC_NO_PIC = NO;
				GCC_NO_COMMON_BLOCKS = YES;
				GCC_OPTIMIZATION_LEVEL = 0;
				GCC_PREPROCESSOR_DEFINITIONS = (
					"DEBUG=1",
					"$(inherited)",
				);
				GCC_WARN_64_TO_32_BIT_CONVERSION = YES;
				GCC_WARN_ABOUT_RETURN_TYPE = YES_ERROR;
				GCC_WARN_UNDECLARED_SELECTOR = YES;
				GCC_WARN_UNINITIALIZED_AUTOS = YES_AGGRESSIVE;
				GCC_WARN_UNUSED_FUNCTION = YES;
				GCC_WARN_UNUSED_VARIABLE = YES;
				IPHONEOS_DEPLOYMENT_TARGET = 12.1;
				MTL_ENABLE_DEBUG_INFO = INCLUDE_SOURCE;
				MTL_FAST_MATH = YES;
				ONLY_ACTIVE_ARCH = YES;
				SDKROOT = iphoneos;
				SWIFT_ACTIVE_COMPILATION_CONDITIONS = DEBUG;
				SWIFT_OPTIMIZATION_LEVEL = "-Onone";
			};
			name = Debug;
		};
		04E67D732246B60B007445DC /* Release */ = {
			isa = XCBuildConfiguration;
			buildSettings = {
				ALWAYS_SEARCH_USER_PATHS = NO;
				CLANG_ANALYZER_NONNULL = YES;
				CLANG_ANALYZER_NUMBER_OBJECT_CONVERSION = YES_AGGRESSIVE;
				CLANG_CXX_LANGUAGE_STANDARD = "gnu++14";
				CLANG_CXX_LIBRARY = "libc++";
				CLANG_ENABLE_MODULES = YES;
				CLANG_ENABLE_OBJC_ARC = YES;
				CLANG_ENABLE_OBJC_WEAK = YES;
				CLANG_WARN_BLOCK_CAPTURE_AUTORELEASING = YES;
				CLANG_WARN_BOOL_CONVERSION = YES;
				CLANG_WARN_COMMA = YES;
				CLANG_WARN_CONSTANT_CONVERSION = YES;
				CLANG_WARN_DEPRECATED_OBJC_IMPLEMENTATIONS = YES;
				CLANG_WARN_DIRECT_OBJC_ISA_USAGE = YES_ERROR;
				CLANG_WARN_DOCUMENTATION_COMMENTS = YES;
				CLANG_WARN_EMPTY_BODY = YES;
				CLANG_WARN_ENUM_CONVERSION = YES;
				CLANG_WARN_INFINITE_RECURSION = YES;
				CLANG_WARN_INT_CONVERSION = YES;
				CLANG_WARN_NON_LITERAL_NULL_CONVERSION = YES;
				CLANG_WARN_OBJC_IMPLICIT_RETAIN_SELF = YES;
				CLANG_WARN_OBJC_LITERAL_CONVERSION = YES;
				CLANG_WARN_OBJC_ROOT_CLASS = YES_ERROR;
				CLANG_WARN_RANGE_LOOP_ANALYSIS = YES;
				CLANG_WARN_STRICT_PROTOTYPES = YES;
				CLANG_WARN_SUSPICIOUS_MOVE = YES;
				CLANG_WARN_UNGUARDED_AVAILABILITY = YES_AGGRESSIVE;
				CLANG_WARN_UNREACHABLE_CODE = YES;
				CLANG_WARN__DUPLICATE_METHOD_MATCH = YES;
				CODE_SIGN_IDENTITY = "iPhone Developer";
				COPY_PHASE_STRIP = NO;
				DEBUG_INFORMATION_FORMAT = "dwarf-with-dsym";
				ENABLE_NS_ASSERTIONS = NO;
				ENABLE_STRICT_OBJC_MSGSEND = YES;
				GCC_C_LANGUAGE_STANDARD = gnu11;
				GCC_NO_COMMON_BLOCKS = YES;
				GCC_WARN_64_TO_32_BIT_CONVERSION = YES;
				GCC_WARN_ABOUT_RETURN_TYPE = YES_ERROR;
				GCC_WARN_UNDECLARED_SELECTOR = YES;
				GCC_WARN_UNINITIALIZED_AUTOS = YES_AGGRESSIVE;
				GCC_WARN_UNUSED_FUNCTION = YES;
				GCC_WARN_UNUSED_VARIABLE = YES;
				IPHONEOS_DEPLOYMENT_TARGET = 12.1;
				MTL_ENABLE_DEBUG_INFO = NO;
				MTL_FAST_MATH = YES;
				SDKROOT = iphoneos;
				SWIFT_COMPILATION_MODE = wholemodule;
				SWIFT_OPTIMIZATION_LEVEL = "-O";
				VALIDATE_PRODUCT = YES;
			};
			name = Release;
		};
		04E67D752246B60B007445DC /* Debug */ = {
			isa = XCBuildConfiguration;
			buildSettings = {
				ASSETCATALOG_COMPILER_APPICON_NAME = AppIcon;
				CODE_SIGN_STYLE = Automatic;
				DEVELOPMENT_TEAM = KKN8B635AJ;
				INFOPLIST_FILE = OnTheMap/Info.plist;
				LD_RUNPATH_SEARCH_PATHS = (
					"$(inherited)",
					"@executable_path/Frameworks",
				);
				PRODUCT_BUNDLE_IDENTIFIER = com.sabrinasvedin.OnTheMap;
				PRODUCT_NAME = "$(TARGET_NAME)";
				SWIFT_VERSION = 4.2;
				TARGETED_DEVICE_FAMILY = "1,2";
			};
			name = Debug;
		};
		04E67D762246B60B007445DC /* Release */ = {
			isa = XCBuildConfiguration;
			buildSettings = {
				ASSETCATALOG_COMPILER_APPICON_NAME = AppIcon;
				CODE_SIGN_STYLE = Automatic;
				DEVELOPMENT_TEAM = KKN8B635AJ;
				INFOPLIST_FILE = OnTheMap/Info.plist;
				LD_RUNPATH_SEARCH_PATHS = (
					"$(inherited)",
					"@executable_path/Frameworks",
				);
				PRODUCT_BUNDLE_IDENTIFIER = com.sabrinasvedin.OnTheMap;
				PRODUCT_NAME = "$(TARGET_NAME)";
				SWIFT_VERSION = 4.2;
				TARGETED_DEVICE_FAMILY = "1,2";
			};
			name = Release;
		};
/* End XCBuildConfiguration section */

/* Begin XCConfigurationList section */
		04E67D5B2246B608007445DC /* Build configuration list for PBXProject "OnTheMap" */ = {
			isa = XCConfigurationList;
			buildConfigurations = (
				04E67D722246B60B007445DC /* Debug */,
				04E67D732246B60B007445DC /* Release */,
			);
			defaultConfigurationIsVisible = 0;
			defaultConfigurationName = Release;
		};
		04E67D742246B60B007445DC /* Build configuration list for PBXNativeTarget "OnTheMap" */ = {
			isa = XCConfigurationList;
			buildConfigurations = (
				04E67D752246B60B007445DC /* Debug */,
				04E67D762246B60B007445DC /* Release */,
			);
			defaultConfigurationIsVisible = 0;
			defaultConfigurationName = Release;
		};
/* End XCConfigurationList section */
	};
	rootObject = 04E67D582246B608007445DC /* Project object */;
}
